// !$*UTF8*$!
{
	archiveVersion = 1;
	classes = {
	};
	objectVersion = 51;
	objects = {

/* Begin PBXBuildFile section */
		0E957A022630510C00A42206 /* ResetPasswordViewController.swift in Sources */ = {isa = PBXBuildFile; fileRef = 0E957A012630510C00A42206 /* ResetPasswordViewController.swift */; };
		0E957A052630524A00A42206 /* ResetPasswordView.swift in Sources */ = {isa = PBXBuildFile; fileRef = 0E957A042630524A00A42206 /* ResetPasswordView.swift */; };
		0E957A09263065E400A42206 /* AuthErrorCode+ErrorMessage.swift in Sources */ = {isa = PBXBuildFile; fileRef = 0E957A08263065E400A42206 /* AuthErrorCode+ErrorMessage.swift */; };
		0E957A0C26307C3000A42206 /* ViewController+ShowAlert.swift in Sources */ = {isa = PBXBuildFile; fileRef = 0E957A0B26307C3000A42206 /* ViewController+ShowAlert.swift */; };
		0E957A0F26307ED800A42206 /* CGFloat+StaticProperties.swift in Sources */ = {isa = PBXBuildFile; fileRef = 0E957A0E26307ED800A42206 /* CGFloat+StaticProperties.swift */; };
		8306668D262983F000BD694B /* ResponseDataKind.swift in Sources */ = {isa = PBXBuildFile; fileRef = 8306668C262983F000BD694B /* ResponseDataKind.swift */; };
		830666952629B12900BD694B /* CategoryViewController.swift in Sources */ = {isa = PBXBuildFile; fileRef = 830666942629B12900BD694B /* CategoryViewController.swift */; };
		830666982629B1A600BD694B /* Category.swift in Sources */ = {isa = PBXBuildFile; fileRef = 830666972629B1A600BD694B /* Category.swift */; };
		830E0FDD26282D6900C545B0 /* SearchService.swift in Sources */ = {isa = PBXBuildFile; fileRef = 830E0FDC26282D6900C545B0 /* SearchService.swift */; };
		830E0FE726286B1100C545B0 /* Localizable.strings in Resources */ = {isa = PBXBuildFile; fileRef = 830E0FE926286B1100C545B0 /* Localizable.strings */; };
		8316071126257BAF0090D203 /* SearchResponceTableViewCell.swift in Sources */ = {isa = PBXBuildFile; fileRef = 8316071026257BAF0090D203 /* SearchResponceTableViewCell.swift */; };
		831607152625B4780090D203 /* UIImageView+LoadImage.swift in Sources */ = {isa = PBXBuildFile; fileRef = 831607142625B4780090D203 /* UIImageView+LoadImage.swift */; };
		831607182625C32B0090D203 /* VideoDetailView.swift in Sources */ = {isa = PBXBuildFile; fileRef = 831607172625C32B0090D203 /* VideoDetailView.swift */; };
		8316071B2625C33F0090D203 /* AudioDetailView.swift in Sources */ = {isa = PBXBuildFile; fileRef = 8316071A2625C33F0090D203 /* AudioDetailView.swift */; };
		83555FFB2624905C00C77316 /* AppDelegate.swift in Sources */ = {isa = PBXBuildFile; fileRef = 83555FFA2624905C00C77316 /* AppDelegate.swift */; };
		83555FFD2624905C00C77316 /* SceneDelegate.swift in Sources */ = {isa = PBXBuildFile; fileRef = 83555FFC2624905C00C77316 /* SceneDelegate.swift */; };
		83555FFF2624905C00C77316 /* HomeViewController.swift in Sources */ = {isa = PBXBuildFile; fileRef = 83555FFE2624905C00C77316 /* HomeViewController.swift */; };
		835560042624905D00C77316 /* Assets.xcassets in Resources */ = {isa = PBXBuildFile; fileRef = 835560032624905D00C77316 /* Assets.xcassets */; };
		835560072624905D00C77316 /* LaunchScreen.storyboard in Resources */ = {isa = PBXBuildFile; fileRef = 835560052624905D00C77316 /* LaunchScreen.storyboard */; };
		835560192624999400C77316 /* DetailViewController.swift in Sources */ = {isa = PBXBuildFile; fileRef = 835560182624999400C77316 /* DetailViewController.swift */; };
		8355601C26249A6D00C77316 /* NetworkService.swift in Sources */ = {isa = PBXBuildFile; fileRef = 8355601B26249A6D00C77316 /* NetworkService.swift */; };
		8355601F26249D7700C77316 /* Response.swift in Sources */ = {isa = PBXBuildFile; fileRef = 8355601E26249D7700C77316 /* Response.swift */; };
		837C02A8262F76C500BE31C7 /* UIFont+StaticFontSize.swift in Sources */ = {isa = PBXBuildFile; fileRef = 837C02A7262F76C500BE31C7 /* UIFont+StaticFontSize.swift */; };
		838E24C3262EBBE2002C6C7A /* GoogleService-Info.plist in Resources */ = {isa = PBXBuildFile; fileRef = 838E24C2262EBBE2002C6C7A /* GoogleService-Info.plist */; };
		838E24D3262EBFA5002C6C7A /* SignInViewController.swift in Sources */ = {isa = PBXBuildFile; fileRef = 838E24D2262EBFA5002C6C7A /* SignInViewController.swift */; };
		838E24D6262EBFB1002C6C7A /* LoginViewController.swift in Sources */ = {isa = PBXBuildFile; fileRef = 838E24D5262EBFB1002C6C7A /* LoginViewController.swift */; };
		838E24D9262EBFDC002C6C7A /* SignInView.swift in Sources */ = {isa = PBXBuildFile; fileRef = 838E24D8262EBFDC002C6C7A /* SignInView.swift */; };
		838E24DC262EBFE7002C6C7A /* LoginView.swift in Sources */ = {isa = PBXBuildFile; fileRef = 838E24DB262EBFE7002C6C7A /* LoginView.swift */; };
		838E24DF262ECD92002C6C7A /* AuthViewBuilder.swift in Sources */ = {isa = PBXBuildFile; fileRef = 838E24DE262ECD92002C6C7A /* AuthViewBuilder.swift */; };
		838E24E3262F0CE0002C6C7A /* FirebaseSevice.swift in Sources */ = {isa = PBXBuildFile; fileRef = 838E24E2262F0CE0002C6C7A /* FirebaseSevice.swift */; };
		83A78BA62626C56D009C3807 /* HomeViewController+TableViewMethods.swift in Sources */ = {isa = PBXBuildFile; fileRef = 83A78BA52626C56D009C3807 /* HomeViewController+TableViewMethods.swift */; };
		83A78BDE26276263009C3807 /* ApiResult.swift in Sources */ = {isa = PBXBuildFile; fileRef = 83A78BDD26276263009C3807 /* ApiResult.swift */; };
		83A78BE12627628B009C3807 /* UIImageView+StaticImages.swift in Sources */ = {isa = PBXBuildFile; fileRef = 83A78BE02627628B009C3807 /* UIImageView+StaticImages.swift */; };
		83E76992262D5DAE008826CB /* HomeViewController+CategoryDelegate.swift in Sources */ = {isa = PBXBuildFile; fileRef = 83E76991262D5DAE008826CB /* HomeViewController+CategoryDelegate.swift */; };
		83E7699A262D74C3008826CB /* CategoryView.swift in Sources */ = {isa = PBXBuildFile; fileRef = 83E76999262D74C3008826CB /* CategoryView.swift */; };
		83E769A2262D89FD008826CB /* UIView+Anchor.swift in Sources */ = {isa = PBXBuildFile; fileRef = 83E769A1262D89FD008826CB /* UIView+Anchor.swift */; };
		83E769A5262D9FFE008826CB /* UIColor+StaticColors.swift in Sources */ = {isa = PBXBuildFile; fileRef = 83E769A4262D9FFE008826CB /* UIColor+StaticColors.swift */; };
		83E769A8262DB104008826CB /* String+Localized.swift in Sources */ = {isa = PBXBuildFile; fileRef = 83E769A7262DB104008826CB /* String+Localized.swift */; };
		B2169C11D26F7C89DE7F9D49 /* Pods_ADMVEDU95.framework in Frameworks */ = {isa = PBXBuildFile; fileRef = D9BAD675F415DBCB41CED58D /* Pods_ADMVEDU95.framework */; };
/* End PBXBuildFile section */

/* Begin PBXFileReference section */
		0E957A012630510C00A42206 /* ResetPasswordViewController.swift */ = {isa = PBXFileReference; lastKnownFileType = sourcecode.swift; path = ResetPasswordViewController.swift; sourceTree = "<group>"; };
		0E957A042630524A00A42206 /* ResetPasswordView.swift */ = {isa = PBXFileReference; lastKnownFileType = sourcecode.swift; path = ResetPasswordView.swift; sourceTree = "<group>"; };
		0E957A08263065E400A42206 /* AuthErrorCode+ErrorMessage.swift */ = {isa = PBXFileReference; lastKnownFileType = sourcecode.swift; path = "AuthErrorCode+ErrorMessage.swift"; sourceTree = "<group>"; };
		0E957A0B26307C3000A42206 /* ViewController+ShowAlert.swift */ = {isa = PBXFileReference; lastKnownFileType = sourcecode.swift; path = "ViewController+ShowAlert.swift"; sourceTree = "<group>"; };
		0E957A0E26307ED800A42206 /* CGFloat+StaticProperties.swift */ = {isa = PBXFileReference; lastKnownFileType = sourcecode.swift; path = "CGFloat+StaticProperties.swift"; sourceTree = "<group>"; };
		8306668C262983F000BD694B /* ResponseDataKind.swift */ = {isa = PBXFileReference; lastKnownFileType = sourcecode.swift; path = ResponseDataKind.swift; sourceTree = "<group>"; };
		830666942629B12900BD694B /* CategoryViewController.swift */ = {isa = PBXFileReference; lastKnownFileType = sourcecode.swift; path = CategoryViewController.swift; sourceTree = "<group>"; };
		830666972629B1A600BD694B /* Category.swift */ = {isa = PBXFileReference; lastKnownFileType = sourcecode.swift; path = Category.swift; sourceTree = "<group>"; };
		830E0FDC26282D6900C545B0 /* SearchService.swift */ = {isa = PBXFileReference; lastKnownFileType = sourcecode.swift; path = SearchService.swift; sourceTree = "<group>"; };
		830E0FE22628695F00C545B0 /* ru-RU */ = {isa = PBXFileReference; lastKnownFileType = text.plist.strings; name = "ru-RU"; path = "ru-RU.lproj/LaunchScreen.strings"; sourceTree = "<group>"; };
		830E0FE826286B1100C545B0 /* en */ = {isa = PBXFileReference; lastKnownFileType = text.plist.strings; name = en; path = en.lproj/Localizable.strings; sourceTree = "<group>"; };
		830E0FEB26286B2600C545B0 /* ru-RU */ = {isa = PBXFileReference; lastKnownFileType = text.plist.strings; name = "ru-RU"; path = "ru-RU.lproj/Localizable.strings"; sourceTree = "<group>"; };
		8316071026257BAF0090D203 /* SearchResponceTableViewCell.swift */ = {isa = PBXFileReference; lastKnownFileType = sourcecode.swift; path = SearchResponceTableViewCell.swift; sourceTree = "<group>"; };
		831607142625B4780090D203 /* UIImageView+LoadImage.swift */ = {isa = PBXFileReference; lastKnownFileType = sourcecode.swift; path = "UIImageView+LoadImage.swift"; sourceTree = "<group>"; };
		831607172625C32B0090D203 /* VideoDetailView.swift */ = {isa = PBXFileReference; lastKnownFileType = sourcecode.swift; path = VideoDetailView.swift; sourceTree = "<group>"; };
		8316071A2625C33F0090D203 /* AudioDetailView.swift */ = {isa = PBXFileReference; lastKnownFileType = sourcecode.swift; path = AudioDetailView.swift; sourceTree = "<group>"; };
		83555FF72624905C00C77316 /* ADMVEDU95.app */ = {isa = PBXFileReference; explicitFileType = wrapper.application; includeInIndex = 0; path = ADMVEDU95.app; sourceTree = BUILT_PRODUCTS_DIR; };
		83555FFA2624905C00C77316 /* AppDelegate.swift */ = {isa = PBXFileReference; lastKnownFileType = sourcecode.swift; path = AppDelegate.swift; sourceTree = "<group>"; };
		83555FFC2624905C00C77316 /* SceneDelegate.swift */ = {isa = PBXFileReference; lastKnownFileType = sourcecode.swift; path = SceneDelegate.swift; sourceTree = "<group>"; };
		83555FFE2624905C00C77316 /* HomeViewController.swift */ = {isa = PBXFileReference; lastKnownFileType = sourcecode.swift; path = HomeViewController.swift; sourceTree = "<group>"; };
		835560032624905D00C77316 /* Assets.xcassets */ = {isa = PBXFileReference; lastKnownFileType = folder.assetcatalog; path = Assets.xcassets; sourceTree = "<group>"; };
		835560062624905D00C77316 /* Base */ = {isa = PBXFileReference; lastKnownFileType = file.storyboard; name = Base; path = Base.lproj/LaunchScreen.storyboard; sourceTree = "<group>"; };
		835560082624905D00C77316 /* Info.plist */ = {isa = PBXFileReference; lastKnownFileType = text.plist.xml; path = Info.plist; sourceTree = "<group>"; };
		835560182624999400C77316 /* DetailViewController.swift */ = {isa = PBXFileReference; lastKnownFileType = sourcecode.swift; path = DetailViewController.swift; sourceTree = "<group>"; };
		8355601B26249A6D00C77316 /* NetworkService.swift */ = {isa = PBXFileReference; lastKnownFileType = sourcecode.swift; path = NetworkService.swift; sourceTree = "<group>"; };
		8355601E26249D7700C77316 /* Response.swift */ = {isa = PBXFileReference; lastKnownFileType = sourcecode.swift; path = Response.swift; sourceTree = "<group>"; };
		837C02A7262F76C500BE31C7 /* UIFont+StaticFontSize.swift */ = {isa = PBXFileReference; lastKnownFileType = sourcecode.swift; path = "UIFont+StaticFontSize.swift"; sourceTree = "<group>"; };
		838E24C2262EBBE2002C6C7A /* GoogleService-Info.plist */ = {isa = PBXFileReference; fileEncoding = 4; lastKnownFileType = text.plist.xml; path = "GoogleService-Info.plist"; sourceTree = "<group>"; };
		838E24D2262EBFA5002C6C7A /* SignInViewController.swift */ = {isa = PBXFileReference; lastKnownFileType = sourcecode.swift; path = SignInViewController.swift; sourceTree = "<group>"; };
		838E24D5262EBFB1002C6C7A /* LoginViewController.swift */ = {isa = PBXFileReference; lastKnownFileType = sourcecode.swift; path = LoginViewController.swift; sourceTree = "<group>"; };
		838E24D8262EBFDC002C6C7A /* SignInView.swift */ = {isa = PBXFileReference; lastKnownFileType = sourcecode.swift; path = SignInView.swift; sourceTree = "<group>"; };
		838E24DB262EBFE7002C6C7A /* LoginView.swift */ = {isa = PBXFileReference; lastKnownFileType = sourcecode.swift; path = LoginView.swift; sourceTree = "<group>"; };
		838E24DE262ECD92002C6C7A /* AuthViewBuilder.swift */ = {isa = PBXFileReference; lastKnownFileType = sourcecode.swift; path = AuthViewBuilder.swift; sourceTree = "<group>"; };
		838E24E2262F0CE0002C6C7A /* FirebaseSevice.swift */ = {isa = PBXFileReference; lastKnownFileType = sourcecode.swift; path = FirebaseSevice.swift; sourceTree = "<group>"; };
		83A78BA52626C56D009C3807 /* HomeViewController+TableViewMethods.swift */ = {isa = PBXFileReference; lastKnownFileType = sourcecode.swift; path = "HomeViewController+TableViewMethods.swift"; sourceTree = "<group>"; };
		83A78BDD26276263009C3807 /* ApiResult.swift */ = {isa = PBXFileReference; lastKnownFileType = sourcecode.swift; path = ApiResult.swift; sourceTree = "<group>"; };
		83A78BE02627628B009C3807 /* UIImageView+StaticImages.swift */ = {isa = PBXFileReference; lastKnownFileType = sourcecode.swift; path = "UIImageView+StaticImages.swift"; sourceTree = "<group>"; };
		83E76991262D5DAE008826CB /* HomeViewController+CategoryDelegate.swift */ = {isa = PBXFileReference; lastKnownFileType = sourcecode.swift; path = "HomeViewController+CategoryDelegate.swift"; sourceTree = "<group>"; };
		83E76999262D74C3008826CB /* CategoryView.swift */ = {isa = PBXFileReference; lastKnownFileType = sourcecode.swift; path = CategoryView.swift; sourceTree = "<group>"; };
		83E769A1262D89FD008826CB /* UIView+Anchor.swift */ = {isa = PBXFileReference; lastKnownFileType = sourcecode.swift; path = "UIView+Anchor.swift"; sourceTree = "<group>"; };
		83E769A4262D9FFE008826CB /* UIColor+StaticColors.swift */ = {isa = PBXFileReference; lastKnownFileType = sourcecode.swift; path = "UIColor+StaticColors.swift"; sourceTree = "<group>"; };
		83E769A7262DB104008826CB /* String+Localized.swift */ = {isa = PBXFileReference; lastKnownFileType = sourcecode.swift; path = "String+Localized.swift"; sourceTree = "<group>"; };
		86B56142A567E26F1132CEE2 /* Pods-ADMVEDU95.debug.xcconfig */ = {isa = PBXFileReference; includeInIndex = 1; lastKnownFileType = text.xcconfig; name = "Pods-ADMVEDU95.debug.xcconfig"; path = "Target Support Files/Pods-ADMVEDU95/Pods-ADMVEDU95.debug.xcconfig"; sourceTree = "<group>"; };
		D9BAD675F415DBCB41CED58D /* Pods_ADMVEDU95.framework */ = {isa = PBXFileReference; explicitFileType = wrapper.framework; includeInIndex = 0; path = Pods_ADMVEDU95.framework; sourceTree = BUILT_PRODUCTS_DIR; };
		FE204D331F28701E15CD4B98 /* Pods-ADMVEDU95.release.xcconfig */ = {isa = PBXFileReference; includeInIndex = 1; lastKnownFileType = text.xcconfig; name = "Pods-ADMVEDU95.release.xcconfig"; path = "Target Support Files/Pods-ADMVEDU95/Pods-ADMVEDU95.release.xcconfig"; sourceTree = "<group>"; };
/* End PBXFileReference section */

/* Begin PBXFrameworksBuildPhase section */
		83555FF42624905C00C77316 /* Frameworks */ = {
			isa = PBXFrameworksBuildPhase;
			buildActionMask = 2147483647;
			files = (
				B2169C11D26F7C89DE7F9D49 /* Pods_ADMVEDU95.framework in Frameworks */,
			);
			runOnlyForDeploymentPostprocessing = 0;
		};
/* End PBXFrameworksBuildPhase section */

/* Begin PBXGroup section */
		0DE8029DCEB11C045FE65B93 /* Pods */ = {
			isa = PBXGroup;
			children = (
				86B56142A567E26F1132CEE2 /* Pods-ADMVEDU95.debug.xcconfig */,
				FE204D331F28701E15CD4B98 /* Pods-ADMVEDU95.release.xcconfig */,
			);
			path = Pods;
			sourceTree = "<group>";
		};
		8306669C2629C62F00BD694B /* HomeViewController */ = {
			isa = PBXGroup;
			children = (
				83555FFE2624905C00C77316 /* HomeViewController.swift */,
				83A78BA52626C56D009C3807 /* HomeViewController+TableViewMethods.swift */,
				83E76991262D5DAE008826CB /* HomeViewController+CategoryDelegate.swift */,
			);
			path = HomeViewController;
			sourceTree = "<group>";
		};
		83555FEE2624905C00C77316 = {
			isa = PBXGroup;
			children = (
				83555FF92624905C00C77316 /* ADMVEDU95 */,
				83555FF82624905C00C77316 /* Products */,
				0DE8029DCEB11C045FE65B93 /* Pods */,
				B2291352EFD8913906282651 /* Frameworks */,
			);
			sourceTree = "<group>";
		};
		83555FF82624905C00C77316 /* Products */ = {
			isa = PBXGroup;
			children = (
				83555FF72624905C00C77316 /* ADMVEDU95.app */,
			);
			name = Products;
			sourceTree = "<group>";
		};
		83555FF92624905C00C77316 /* ADMVEDU95 */ = {
			isa = PBXGroup;
			children = (
				83555FFA2624905C00C77316 /* AppDelegate.swift */,
				83555FFC2624905C00C77316 /* SceneDelegate.swift */,
				83A78BAD2626C77D009C3807 /* ViewControllers */,
				83A78BAF2626C79A009C3807 /* Views */,
				83A78BB22626C7EA009C3807 /* Network */,
				83A78BC426270ACE009C3807 /* Extensions */,
				83A78BB42626C818009C3807 /* Models */,
				830E0FE926286B1100C545B0 /* Localizable.strings */,
				83A78BB62626C820009C3807 /* TableViewCells */,
				835560032624905D00C77316 /* Assets.xcassets */,
				835560052624905D00C77316 /* LaunchScreen.storyboard */,
				835560082624905D00C77316 /* Info.plist */,
				838E24C2262EBBE2002C6C7A /* GoogleService-Info.plist */,
			);
			path = ADMVEDU95;
			sourceTree = "<group>";
		};
		83A78BAD2626C77D009C3807 /* ViewControllers */ = {
			isa = PBXGroup;
			children = (
				8306669C2629C62F00BD694B /* HomeViewController */,
				835560182624999400C77316 /* DetailViewController.swift */,
				830666942629B12900BD694B /* CategoryViewController.swift */,
				838E24D2262EBFA5002C6C7A /* SignInViewController.swift */,
				838E24D5262EBFB1002C6C7A /* LoginViewController.swift */,
				0E957A012630510C00A42206 /* ResetPasswordViewController.swift */,
			);
			path = ViewControllers;
			sourceTree = "<group>";
		};
		83A78BAF2626C79A009C3807 /* Views */ = {
			isa = PBXGroup;
			children = (
				8316071A2625C33F0090D203 /* AudioDetailView.swift */,
				831607172625C32B0090D203 /* VideoDetailView.swift */,
				83E76999262D74C3008826CB /* CategoryView.swift */,
				838E24D8262EBFDC002C6C7A /* SignInView.swift */,
				838E24DB262EBFE7002C6C7A /* LoginView.swift */,
				0E957A042630524A00A42206 /* ResetPasswordView.swift */,
				838E24DE262ECD92002C6C7A /* AuthViewBuilder.swift */,
			);
			path = Views;
			sourceTree = "<group>";
		};
		83A78BB22626C7EA009C3807 /* Network */ = {
			isa = PBXGroup;
			children = (
				8355601B26249A6D00C77316 /* NetworkService.swift */,
				830E0FDC26282D6900C545B0 /* SearchService.swift */,
				838E24E2262F0CE0002C6C7A /* FirebaseSevice.swift */,
				831607142625B4780090D203 /* UIImageView+LoadImage.swift */,
			);
			path = Network;
			sourceTree = "<group>";
		};
		83A78BB42626C818009C3807 /* Models */ = {
			isa = PBXGroup;
			children = (
				8355601E26249D7700C77316 /* Response.swift */,
				83A78BDD26276263009C3807 /* ApiResult.swift */,
				8306668C262983F000BD694B /* ResponseDataKind.swift */,
				830666972629B1A600BD694B /* Category.swift */,
			);
			path = Models;
			sourceTree = "<group>";
		};
		83A78BB62626C820009C3807 /* TableViewCells */ = {
			isa = PBXGroup;
			children = (
				8316071026257BAF0090D203 /* SearchResponceTableViewCell.swift */,
			);
			path = TableViewCells;
			sourceTree = "<group>";
		};
		83A78BC426270ACE009C3807 /* Extensions */ = {
			isa = PBXGroup;
			children = (
				83A78BE02627628B009C3807 /* UIImageView+StaticImages.swift */,
				83E769A1262D89FD008826CB /* UIView+Anchor.swift */,
				83E769A4262D9FFE008826CB /* UIColor+StaticColors.swift */,
				83E769A7262DB104008826CB /* String+Localized.swift */,
<<<<<<< HEAD
=======
				837C02A7262F76C500BE31C7 /* UIFont+StaticFontSize.swift */,
				0E957A0E26307ED800A42206 /* CGFloat+StaticProperties.swift */,
				0E957A08263065E400A42206 /* AuthErrorCode+ErrorMessage.swift */,
				0E957A0B26307C3000A42206 /* ViewController+ShowAlert.swift */,
>>>>>>> ef5e0d42ed7d64650bd6058fe8e6dcacca4f60ea
			);
			path = Extensions;
			sourceTree = "<group>";
		};
		B2291352EFD8913906282651 /* Frameworks */ = {
			isa = PBXGroup;
			children = (
				D9BAD675F415DBCB41CED58D /* Pods_ADMVEDU95.framework */,
			);
			name = Frameworks;
			sourceTree = "<group>";
		};
/* End PBXGroup section */

/* Begin PBXNativeTarget section */
		83555FF62624905C00C77316 /* ADMVEDU95 */ = {
			isa = PBXNativeTarget;
			buildConfigurationList = 8355600B2624905D00C77316 /* Build configuration list for PBXNativeTarget "ADMVEDU95" */;
			buildPhases = (
				0E487634EE889DC443D19310 /* [CP] Check Pods Manifest.lock */,
				83555FF32624905C00C77316 /* Sources */,
				83555FF42624905C00C77316 /* Frameworks */,
				83555FF52624905C00C77316 /* Resources */,
				7D7BF34ED314EBC05468620F /* [CP] Embed Pods Frameworks */,
			);
			buildRules = (
			);
			dependencies = (
			);
			name = ADMVEDU95;
			productName = FirstWorkProject;
			productReference = 83555FF72624905C00C77316 /* ADMVEDU95.app */;
			productType = "com.apple.product-type.application";
		};
/* End PBXNativeTarget section */

/* Begin PBXProject section */
		83555FEF2624905C00C77316 /* Project object */ = {
			isa = PBXProject;
			attributes = {
				LastSwiftUpdateCheck = 1240;
				LastUpgradeCheck = 1240;
				TargetAttributes = {
					83555FF62624905C00C77316 = {
						CreatedOnToolsVersion = 12.4;
					};
				};
			};
			buildConfigurationList = 83555FF22624905C00C77316 /* Build configuration list for PBXProject "ADMVEDU95" */;
			compatibilityVersion = "Xcode 9.3";
			developmentRegion = en;
			hasScannedForEncodings = 0;
			knownRegions = (
				en,
				Base,
				"ru-RU",
			);
			mainGroup = 83555FEE2624905C00C77316;
			productRefGroup = 83555FF82624905C00C77316 /* Products */;
			projectDirPath = "";
			projectRoot = "";
			targets = (
				83555FF62624905C00C77316 /* ADMVEDU95 */,
			);
		};
/* End PBXProject section */

/* Begin PBXResourcesBuildPhase section */
		83555FF52624905C00C77316 /* Resources */ = {
			isa = PBXResourcesBuildPhase;
			buildActionMask = 2147483647;
			files = (
				835560072624905D00C77316 /* LaunchScreen.storyboard in Resources */,
				838E24C3262EBBE2002C6C7A /* GoogleService-Info.plist in Resources */,
				830E0FE726286B1100C545B0 /* Localizable.strings in Resources */,
				835560042624905D00C77316 /* Assets.xcassets in Resources */,
			);
			runOnlyForDeploymentPostprocessing = 0;
		};
/* End PBXResourcesBuildPhase section */

/* Begin PBXShellScriptBuildPhase section */
		0E487634EE889DC443D19310 /* [CP] Check Pods Manifest.lock */ = {
			isa = PBXShellScriptBuildPhase;
			buildActionMask = 2147483647;
			files = (
			);
			inputFileListPaths = (
			);
			inputPaths = (
				"${PODS_PODFILE_DIR_PATH}/Podfile.lock",
				"${PODS_ROOT}/Manifest.lock",
			);
			name = "[CP] Check Pods Manifest.lock";
			outputFileListPaths = (
			);
			outputPaths = (
				"$(DERIVED_FILE_DIR)/Pods-ADMVEDU95-checkManifestLockResult.txt",
			);
			runOnlyForDeploymentPostprocessing = 0;
			shellPath = /bin/sh;
			shellScript = "diff \"${PODS_PODFILE_DIR_PATH}/Podfile.lock\" \"${PODS_ROOT}/Manifest.lock\" > /dev/null\nif [ $? != 0 ] ; then\n    # print error to STDERR\n    echo \"error: The sandbox is not in sync with the Podfile.lock. Run 'pod install' or update your CocoaPods installation.\" >&2\n    exit 1\nfi\n# This output is used by Xcode 'outputs' to avoid re-running this script phase.\necho \"SUCCESS\" > \"${SCRIPT_OUTPUT_FILE_0}\"\n";
			showEnvVarsInLog = 0;
		};
		7D7BF34ED314EBC05468620F /* [CP] Embed Pods Frameworks */ = {
			isa = PBXShellScriptBuildPhase;
			buildActionMask = 2147483647;
			files = (
			);
			inputFileListPaths = (
				"${PODS_ROOT}/Target Support Files/Pods-ADMVEDU95/Pods-ADMVEDU95-frameworks-${CONFIGURATION}-input-files.xcfilelist",
			);
			name = "[CP] Embed Pods Frameworks";
			outputFileListPaths = (
				"${PODS_ROOT}/Target Support Files/Pods-ADMVEDU95/Pods-ADMVEDU95-frameworks-${CONFIGURATION}-output-files.xcfilelist",
			);
			runOnlyForDeploymentPostprocessing = 0;
			shellPath = /bin/sh;
			shellScript = "\"${PODS_ROOT}/Target Support Files/Pods-ADMVEDU95/Pods-ADMVEDU95-frameworks.sh\"\n";
			showEnvVarsInLog = 0;
		};
/* End PBXShellScriptBuildPhase section */

/* Begin PBXSourcesBuildPhase section */
		83555FF32624905C00C77316 /* Sources */ = {
			isa = PBXSourcesBuildPhase;
			buildActionMask = 2147483647;
			files = (
				838E24DF262ECD92002C6C7A /* AuthViewBuilder.swift in Sources */,
				0E957A052630524A00A42206 /* ResetPasswordView.swift in Sources */,
				831607152625B4780090D203 /* UIImageView+LoadImage.swift in Sources */,
				8355601C26249A6D00C77316 /* NetworkService.swift in Sources */,
				83E769A8262DB104008826CB /* String+Localized.swift in Sources */,
				830666982629B1A600BD694B /* Category.swift in Sources */,
				8306668D262983F000BD694B /* ResponseDataKind.swift in Sources */,
				83555FFF2624905C00C77316 /* HomeViewController.swift in Sources */,
				830666952629B12900BD694B /* CategoryViewController.swift in Sources */,
				837C02A8262F76C500BE31C7 /* UIFont+StaticFontSize.swift in Sources */,
				831607182625C32B0090D203 /* VideoDetailView.swift in Sources */,
				0E957A0F26307ED800A42206 /* CGFloat+StaticProperties.swift in Sources */,
				83A78BDE26276263009C3807 /* ApiResult.swift in Sources */,
				83E769A5262D9FFE008826CB /* UIColor+StaticColors.swift in Sources */,
				838E24DC262EBFE7002C6C7A /* LoginView.swift in Sources */,
				835560192624999400C77316 /* DetailViewController.swift in Sources */,
				83E769A2262D89FD008826CB /* UIView+Anchor.swift in Sources */,
				838E24D6262EBFB1002C6C7A /* LoginViewController.swift in Sources */,
				8355601F26249D7700C77316 /* Response.swift in Sources */,
				0E957A0C26307C3000A42206 /* ViewController+ShowAlert.swift in Sources */,
				83A78BE12627628B009C3807 /* UIImageView+StaticImages.swift in Sources */,
				8316071B2625C33F0090D203 /* AudioDetailView.swift in Sources */,
				83E76992262D5DAE008826CB /* HomeViewController+CategoryDelegate.swift in Sources */,
				838E24E3262F0CE0002C6C7A /* FirebaseSevice.swift in Sources */,
				83E7699A262D74C3008826CB /* CategoryView.swift in Sources */,
				83555FFB2624905C00C77316 /* AppDelegate.swift in Sources */,
				0E957A09263065E400A42206 /* AuthErrorCode+ErrorMessage.swift in Sources */,
				83555FFD2624905C00C77316 /* SceneDelegate.swift in Sources */,
				830E0FDD26282D6900C545B0 /* SearchService.swift in Sources */,
				83A78BA62626C56D009C3807 /* HomeViewController+TableViewMethods.swift in Sources */,
				838E24D3262EBFA5002C6C7A /* SignInViewController.swift in Sources */,
				0E957A022630510C00A42206 /* ResetPasswordViewController.swift in Sources */,
				838E24D9262EBFDC002C6C7A /* SignInView.swift in Sources */,
				8316071126257BAF0090D203 /* SearchResponceTableViewCell.swift in Sources */,
			);
			runOnlyForDeploymentPostprocessing = 0;
		};
/* End PBXSourcesBuildPhase section */

/* Begin PBXVariantGroup section */
		830E0FE926286B1100C545B0 /* Localizable.strings */ = {
			isa = PBXVariantGroup;
			children = (
				830E0FE826286B1100C545B0 /* en */,
				830E0FEB26286B2600C545B0 /* ru-RU */,
			);
			name = Localizable.strings;
			sourceTree = "<group>";
		};
		835560052624905D00C77316 /* LaunchScreen.storyboard */ = {
			isa = PBXVariantGroup;
			children = (
				835560062624905D00C77316 /* Base */,
				830E0FE22628695F00C545B0 /* ru-RU */,
			);
			name = LaunchScreen.storyboard;
			sourceTree = "<group>";
		};
/* End PBXVariantGroup section */

/* Begin XCBuildConfiguration section */
		835560092624905D00C77316 /* Debug */ = {
			isa = XCBuildConfiguration;
			buildSettings = {
				ALWAYS_SEARCH_USER_PATHS = NO;
				CLANG_ANALYZER_LOCALIZABILITY_NONLOCALIZED = YES;
				CLANG_ANALYZER_NONNULL = YES;
				CLANG_ANALYZER_NUMBER_OBJECT_CONVERSION = YES_AGGRESSIVE;
				CLANG_CXX_LANGUAGE_STANDARD = "gnu++14";
				CLANG_CXX_LIBRARY = "libc++";
				CLANG_ENABLE_MODULES = YES;
				CLANG_ENABLE_OBJC_ARC = YES;
				CLANG_ENABLE_OBJC_WEAK = YES;
				CLANG_WARN_BLOCK_CAPTURE_AUTORELEASING = YES;
				CLANG_WARN_BOOL_CONVERSION = YES;
				CLANG_WARN_COMMA = YES;
				CLANG_WARN_CONSTANT_CONVERSION = YES;
				CLANG_WARN_DEPRECATED_OBJC_IMPLEMENTATIONS = YES;
				CLANG_WARN_DIRECT_OBJC_ISA_USAGE = YES_ERROR;
				CLANG_WARN_DOCUMENTATION_COMMENTS = YES;
				CLANG_WARN_EMPTY_BODY = YES;
				CLANG_WARN_ENUM_CONVERSION = YES;
				CLANG_WARN_INFINITE_RECURSION = YES;
				CLANG_WARN_INT_CONVERSION = YES;
				CLANG_WARN_NON_LITERAL_NULL_CONVERSION = YES;
				CLANG_WARN_OBJC_IMPLICIT_RETAIN_SELF = YES;
				CLANG_WARN_OBJC_LITERAL_CONVERSION = YES;
				CLANG_WARN_OBJC_ROOT_CLASS = YES_ERROR;
				CLANG_WARN_QUOTED_INCLUDE_IN_FRAMEWORK_HEADER = YES;
				CLANG_WARN_RANGE_LOOP_ANALYSIS = YES;
				CLANG_WARN_STRICT_PROTOTYPES = YES;
				CLANG_WARN_SUSPICIOUS_MOVE = YES;
				CLANG_WARN_UNGUARDED_AVAILABILITY = YES_AGGRESSIVE;
				CLANG_WARN_UNREACHABLE_CODE = YES;
				CLANG_WARN__DUPLICATE_METHOD_MATCH = YES;
				COPY_PHASE_STRIP = NO;
				DEBUG_INFORMATION_FORMAT = dwarf;
				ENABLE_STRICT_OBJC_MSGSEND = YES;
				ENABLE_TESTABILITY = YES;
				GCC_C_LANGUAGE_STANDARD = gnu11;
				GCC_DYNAMIC_NO_PIC = NO;
				GCC_NO_COMMON_BLOCKS = YES;
				GCC_OPTIMIZATION_LEVEL = 0;
				GCC_PREPROCESSOR_DEFINITIONS = (
					"DEBUG=1",
					"$(inherited)",
				);
				GCC_WARN_64_TO_32_BIT_CONVERSION = YES;
				GCC_WARN_ABOUT_RETURN_TYPE = YES_ERROR;
				GCC_WARN_UNDECLARED_SELECTOR = YES;
				GCC_WARN_UNINITIALIZED_AUTOS = YES_AGGRESSIVE;
				GCC_WARN_UNUSED_FUNCTION = YES;
				GCC_WARN_UNUSED_VARIABLE = YES;
				IPHONEOS_DEPLOYMENT_TARGET = 14.4;
				MTL_ENABLE_DEBUG_INFO = INCLUDE_SOURCE;
				MTL_FAST_MATH = YES;
				ONLY_ACTIVE_ARCH = YES;
				SDKROOT = iphoneos;
				SWIFT_ACTIVE_COMPILATION_CONDITIONS = DEBUG;
				SWIFT_OPTIMIZATION_LEVEL = "-Onone";
			};
			name = Debug;
		};
		8355600A2624905D00C77316 /* Release */ = {
			isa = XCBuildConfiguration;
			buildSettings = {
				ALWAYS_SEARCH_USER_PATHS = NO;
				CLANG_ANALYZER_LOCALIZABILITY_NONLOCALIZED = YES;
				CLANG_ANALYZER_NONNULL = YES;
				CLANG_ANALYZER_NUMBER_OBJECT_CONVERSION = YES_AGGRESSIVE;
				CLANG_CXX_LANGUAGE_STANDARD = "gnu++14";
				CLANG_CXX_LIBRARY = "libc++";
				CLANG_ENABLE_MODULES = YES;
				CLANG_ENABLE_OBJC_ARC = YES;
				CLANG_ENABLE_OBJC_WEAK = YES;
				CLANG_WARN_BLOCK_CAPTURE_AUTORELEASING = YES;
				CLANG_WARN_BOOL_CONVERSION = YES;
				CLANG_WARN_COMMA = YES;
				CLANG_WARN_CONSTANT_CONVERSION = YES;
				CLANG_WARN_DEPRECATED_OBJC_IMPLEMENTATIONS = YES;
				CLANG_WARN_DIRECT_OBJC_ISA_USAGE = YES_ERROR;
				CLANG_WARN_DOCUMENTATION_COMMENTS = YES;
				CLANG_WARN_EMPTY_BODY = YES;
				CLANG_WARN_ENUM_CONVERSION = YES;
				CLANG_WARN_INFINITE_RECURSION = YES;
				CLANG_WARN_INT_CONVERSION = YES;
				CLANG_WARN_NON_LITERAL_NULL_CONVERSION = YES;
				CLANG_WARN_OBJC_IMPLICIT_RETAIN_SELF = YES;
				CLANG_WARN_OBJC_LITERAL_CONVERSION = YES;
				CLANG_WARN_OBJC_ROOT_CLASS = YES_ERROR;
				CLANG_WARN_QUOTED_INCLUDE_IN_FRAMEWORK_HEADER = YES;
				CLANG_WARN_RANGE_LOOP_ANALYSIS = YES;
				CLANG_WARN_STRICT_PROTOTYPES = YES;
				CLANG_WARN_SUSPICIOUS_MOVE = YES;
				CLANG_WARN_UNGUARDED_AVAILABILITY = YES_AGGRESSIVE;
				CLANG_WARN_UNREACHABLE_CODE = YES;
				CLANG_WARN__DUPLICATE_METHOD_MATCH = YES;
				COPY_PHASE_STRIP = NO;
				DEBUG_INFORMATION_FORMAT = "dwarf-with-dsym";
				ENABLE_NS_ASSERTIONS = NO;
				ENABLE_STRICT_OBJC_MSGSEND = YES;
				GCC_C_LANGUAGE_STANDARD = gnu11;
				GCC_NO_COMMON_BLOCKS = YES;
				GCC_WARN_64_TO_32_BIT_CONVERSION = YES;
				GCC_WARN_ABOUT_RETURN_TYPE = YES_ERROR;
				GCC_WARN_UNDECLARED_SELECTOR = YES;
				GCC_WARN_UNINITIALIZED_AUTOS = YES_AGGRESSIVE;
				GCC_WARN_UNUSED_FUNCTION = YES;
				GCC_WARN_UNUSED_VARIABLE = YES;
				IPHONEOS_DEPLOYMENT_TARGET = 14.4;
				MTL_ENABLE_DEBUG_INFO = NO;
				MTL_FAST_MATH = YES;
				SDKROOT = iphoneos;
				SWIFT_COMPILATION_MODE = wholemodule;
				SWIFT_OPTIMIZATION_LEVEL = "-O";
				VALIDATE_PRODUCT = YES;
			};
			name = Release;
		};
		8355600C2624905D00C77316 /* Debug */ = {
			isa = XCBuildConfiguration;
			baseConfigurationReference = 86B56142A567E26F1132CEE2 /* Pods-ADMVEDU95.debug.xcconfig */;
			buildSettings = {
				ASSETCATALOG_COMPILER_APPICON_NAME = AppIcon;
				ASSETCATALOG_COMPILER_GLOBAL_ACCENT_COLOR_NAME = AccentColor;
				CODE_SIGN_STYLE = Automatic;
				DEVELOPMENT_TEAM = TUMQJ6NHNZ;
				INFOPLIST_FILE = ADMVEDU95/Info.plist;
				LD_RUNPATH_SEARCH_PATHS = (
					"$(inherited)",
					"@executable_path/Frameworks",
				);
				PRODUCT_BUNDLE_IDENTIFIER = com.itransition.ADMVEDU95;
				PRODUCT_NAME = "$(TARGET_NAME)";
				SWIFT_VERSION = 5.0;
				TARGETED_DEVICE_FAMILY = "1,2";
			};
			name = Debug;
		};
		8355600D2624905D00C77316 /* Release */ = {
			isa = XCBuildConfiguration;
			baseConfigurationReference = FE204D331F28701E15CD4B98 /* Pods-ADMVEDU95.release.xcconfig */;
			buildSettings = {
				ASSETCATALOG_COMPILER_APPICON_NAME = AppIcon;
				ASSETCATALOG_COMPILER_GLOBAL_ACCENT_COLOR_NAME = AccentColor;
				CODE_SIGN_STYLE = Automatic;
				DEVELOPMENT_TEAM = TUMQJ6NHNZ;
				INFOPLIST_FILE = ADMVEDU95/Info.plist;
				LD_RUNPATH_SEARCH_PATHS = (
					"$(inherited)",
					"@executable_path/Frameworks",
				);
				PRODUCT_BUNDLE_IDENTIFIER = com.itransition.ADMVEDU95;
				PRODUCT_NAME = "$(TARGET_NAME)";
				SWIFT_VERSION = 5.0;
				TARGETED_DEVICE_FAMILY = "1,2";
			};
			name = Release;
		};
/* End XCBuildConfiguration section */

/* Begin XCConfigurationList section */
		83555FF22624905C00C77316 /* Build configuration list for PBXProject "ADMVEDU95" */ = {
			isa = XCConfigurationList;
			buildConfigurations = (
				835560092624905D00C77316 /* Debug */,
				8355600A2624905D00C77316 /* Release */,
			);
			defaultConfigurationIsVisible = 0;
			defaultConfigurationName = Release;
		};
		8355600B2624905D00C77316 /* Build configuration list for PBXNativeTarget "ADMVEDU95" */ = {
			isa = XCConfigurationList;
			buildConfigurations = (
				8355600C2624905D00C77316 /* Debug */,
				8355600D2624905D00C77316 /* Release */,
			);
			defaultConfigurationIsVisible = 0;
			defaultConfigurationName = Release;
		};
/* End XCConfigurationList section */
	};
	rootObject = 83555FEF2624905C00C77316 /* Project object */;
}
